// !$*UTF8*$!
{
	archiveVersion = 1;
	classes = {
	};
	objectVersion = 46;
	objects = {

/* Begin PBXBuildFile section */
		9A37B0341B653245003A213C /* YUEyesActivityViewController.m in Sources */ = {isa = PBXBuildFile; fileRef = 9A37B0331B653245003A213C /* YUEyesActivityViewController.m */; };
		9A43EA951B68A9110024BD39 /* YUNavNormalView.m in Sources */ = {isa = PBXBuildFile; fileRef = 9A43EA941B68A9110024BD39 /* YUNavNormalView.m */; };
		9A43EA9B1B68C44B0024BD39 /* YUCircleButton.m in Sources */ = {isa = PBXBuildFile; fileRef = 9A43EA9A1B68C44B0024BD39 /* YUCircleButton.m */; };
		9A4A4C291B44429D0063F5B3 /* YUGirdItem.m in Sources */ = {isa = PBXBuildFile; fileRef = 9A4A4C281B44429D0063F5B3 /* YUGirdItem.m */; };
		9A4A4C311B4458990063F5B3 /* YUEyesTabController.m in Sources */ = {isa = PBXBuildFile; fileRef = 9A4A4C301B4458990063F5B3 /* YUEyesTabController.m */; };
		9A4A4C3E1B445A2E0063F5B3 /* YUSubControllerItem.m in Sources */ = {isa = PBXBuildFile; fileRef = 9A4A4C371B445A2E0063F5B3 /* YUSubControllerItem.m */; };
		9A4A4C3F1B445A2E0063F5B3 /* YUTabBarView.m in Sources */ = {isa = PBXBuildFile; fileRef = 9A4A4C391B445A2E0063F5B3 /* YUTabBarView.m */; };
		9A4A4C401B445A2E0063F5B3 /* YUTabController.m in Sources */ = {isa = PBXBuildFile; fileRef = 9A4A4C3B1B445A2E0063F5B3 /* YUTabController.m */; };
		9A4A4C411B445A2E0063F5B3 /* YUTabItemButton.m in Sources */ = {isa = PBXBuildFile; fileRef = 9A4A4C3D1B445A2E0063F5B3 /* YUTabItemButton.m */; };
		9A4A4C441B445A920063F5B3 /* UIColor+YUColor.m in Sources */ = {isa = PBXBuildFile; fileRef = 9A4A4C431B445A920063F5B3 /* UIColor+YUColor.m */; };
		9A4A4C4A1B445B210063F5B3 /* YUMineViewController.m in Sources */ = {isa = PBXBuildFile; fileRef = 9A4A4C481B445B210063F5B3 /* YUMineViewController.m */; };
		9A4A4C4B1B445B210063F5B3 /* YUMineViewController.xib in Resources */ = {isa = PBXBuildFile; fileRef = 9A4A4C491B445B210063F5B3 /* YUMineViewController.xib */; };
		9A4A4C4F1B445B330063F5B3 /* YULoveEyesViewController.m in Sources */ = {isa = PBXBuildFile; fileRef = 9A4A4C4D1B445B330063F5B3 /* YULoveEyesViewController.m */; };
		9A4A4C501B445B330063F5B3 /* YULoveEyesViewController.xib in Resources */ = {isa = PBXBuildFile; fileRef = 9A4A4C4E1B445B330063F5B3 /* YULoveEyesViewController.xib */; };
		9A4A4C551B44621D0063F5B3 /* YUGreeButton.m in Sources */ = {isa = PBXBuildFile; fileRef = 9A4A4C541B44621D0063F5B3 /* YUGreeButton.m */; };
		9A58ADEC1B2D9500007314AC /* main.m in Sources */ = {isa = PBXBuildFile; fileRef = 9A58ADEB1B2D9500007314AC /* main.m */; };
		9A58ADEF1B2D9500007314AC /* AppDelegate.m in Sources */ = {isa = PBXBuildFile; fileRef = 9A58ADEE1B2D9500007314AC /* AppDelegate.m */; };
		9A58ADF71B2D9500007314AC /* Images.xcassets in Resources */ = {isa = PBXBuildFile; fileRef = 9A58ADF61B2D9500007314AC /* Images.xcassets */; };
		9A58ADFA1B2D9500007314AC /* LaunchScreen.xib in Resources */ = {isa = PBXBuildFile; fileRef = 9A58ADF81B2D9500007314AC /* LaunchScreen.xib */; };
		9A58AE061B2D9500007314AC /* EyesAppTests.m in Sources */ = {isa = PBXBuildFile; fileRef = 9A58AE051B2D9500007314AC /* EyesAppTests.m */; };
		9A9B24F31B385EC000DDB6AA /* YUFatherViewController.m in Sources */ = {isa = PBXBuildFile; fileRef = 9A9B24F11B385EC000DDB6AA /* YUFatherViewController.m */; };
		9A9B24F81B385F9700DDB6AA /* YUHomeViewController.m in Sources */ = {isa = PBXBuildFile; fileRef = 9A9B24F61B385F9700DDB6AA /* YUHomeViewController.m */; };
		9A9B24F91B385F9700DDB6AA /* YUHomeViewController.xib in Resources */ = {isa = PBXBuildFile; fileRef = 9A9B24F71B385F9700DDB6AA /* YUHomeViewController.xib */; };
		9A9B24FD1B38630700DDB6AA /* YUGridView.m in Sources */ = {isa = PBXBuildFile; fileRef = 9A9B24FC1B38630700DDB6AA /* YUGridView.m */; };
		9AB8A68A1B69C742006B11AC /* function.m in Sources */ = {isa = PBXBuildFile; fileRef = 9AB8A6891B69C742006B11AC /* function.m */; };
		9AB8A6901B6A2687006B11AC /* UIView+YUAnimation.m in Sources */ = {isa = PBXBuildFile; fileRef = 9AB8A68F1B6A2687006B11AC /* UIView+YUAnimation.m */; };
		9AE703BB1B390E6C0024868B /* UIView+YUStyle.m in Sources */ = {isa = PBXBuildFile; fileRef = 9AE703BA1B390E6C0024868B /* UIView+YUStyle.m */; };
		9AE703C11B39112D0024868B /* YUNormalView.m in Sources */ = {isa = PBXBuildFile; fileRef = 9AE703C01B39112D0024868B /* YUNormalView.m */; };
/* End PBXBuildFile section */

/* Begin PBXContainerItemProxy section */
		9A58AE001B2D9500007314AC /* PBXContainerItemProxy */ = {
			isa = PBXContainerItemProxy;
			containerPortal = 9A58ADDE1B2D9500007314AC /* Project object */;
			proxyType = 1;
			remoteGlobalIDString = 9A58ADE51B2D9500007314AC;
			remoteInfo = EyesApp;
		};
/* End PBXContainerItemProxy section */

/* Begin PBXFileReference section */
		9A37B0321B653245003A213C /* YUEyesActivityViewController.h */ = {isa = PBXFileReference; fileEncoding = 4; lastKnownFileType = sourcecode.c.h; path = YUEyesActivityViewController.h; sourceTree = "<group>"; };
		9A37B0331B653245003A213C /* YUEyesActivityViewController.m */ = {isa = PBXFileReference; fileEncoding = 4; lastKnownFileType = sourcecode.c.objc; path = YUEyesActivityViewController.m; sourceTree = "<group>"; };
		9A43EA931B68A9110024BD39 /* YUNavNormalView.h */ = {isa = PBXFileReference; fileEncoding = 4; lastKnownFileType = sourcecode.c.h; path = YUNavNormalView.h; sourceTree = "<group>"; };
		9A43EA941B68A9110024BD39 /* YUNavNormalView.m */ = {isa = PBXFileReference; fileEncoding = 4; lastKnownFileType = sourcecode.c.objc; path = YUNavNormalView.m; sourceTree = "<group>"; };
		9A43EA971B68C1750024BD39 /* CONST_EYESActivity.h */ = {isa = PBXFileReference; lastKnownFileType = sourcecode.c.h; path = CONST_EYESActivity.h; sourceTree = "<group>"; };
		9A43EA991B68C44B0024BD39 /* YUCircleButton.h */ = {isa = PBXFileReference; fileEncoding = 4; lastKnownFileType = sourcecode.c.h; path = YUCircleButton.h; sourceTree = "<group>"; };
		9A43EA9A1B68C44B0024BD39 /* YUCircleButton.m */ = {isa = PBXFileReference; fileEncoding = 4; lastKnownFileType = sourcecode.c.objc; path = YUCircleButton.m; sourceTree = "<group>"; };
		9A4A4C271B44429D0063F5B3 /* YUGirdItem.h */ = {isa = PBXFileReference; fileEncoding = 4; lastKnownFileType = sourcecode.c.h; path = YUGirdItem.h; sourceTree = "<group>"; };
		9A4A4C281B44429D0063F5B3 /* YUGirdItem.m */ = {isa = PBXFileReference; fileEncoding = 4; lastKnownFileType = sourcecode.c.objc; path = YUGirdItem.m; sourceTree = "<group>"; };
		9A4A4C2F1B4458990063F5B3 /* YUEyesTabController.h */ = {isa = PBXFileReference; fileEncoding = 4; lastKnownFileType = sourcecode.c.h; path = YUEyesTabController.h; sourceTree = "<group>"; };
		9A4A4C301B4458990063F5B3 /* YUEyesTabController.m */ = {isa = PBXFileReference; fileEncoding = 4; lastKnownFileType = sourcecode.c.objc; path = YUEyesTabController.m; sourceTree = "<group>"; };
		9A4A4C351B445A2E0063F5B3 /* const_tab.h */ = {isa = PBXFileReference; fileEncoding = 4; lastKnownFileType = sourcecode.c.h; path = const_tab.h; sourceTree = "<group>"; };
		9A4A4C361B445A2E0063F5B3 /* YUSubControllerItem.h */ = {isa = PBXFileReference; fileEncoding = 4; lastKnownFileType = sourcecode.c.h; path = YUSubControllerItem.h; sourceTree = "<group>"; };
		9A4A4C371B445A2E0063F5B3 /* YUSubControllerItem.m */ = {isa = PBXFileReference; fileEncoding = 4; lastKnownFileType = sourcecode.c.objc; path = YUSubControllerItem.m; sourceTree = "<group>"; };
		9A4A4C381B445A2E0063F5B3 /* YUTabBarView.h */ = {isa = PBXFileReference; fileEncoding = 4; lastKnownFileType = sourcecode.c.h; path = YUTabBarView.h; sourceTree = "<group>"; };
		9A4A4C391B445A2E0063F5B3 /* YUTabBarView.m */ = {isa = PBXFileReference; fileEncoding = 4; lastKnownFileType = sourcecode.c.objc; path = YUTabBarView.m; sourceTree = "<group>"; };
		9A4A4C3A1B445A2E0063F5B3 /* YUTabController.h */ = {isa = PBXFileReference; fileEncoding = 4; lastKnownFileType = sourcecode.c.h; path = YUTabController.h; sourceTree = "<group>"; };
		9A4A4C3B1B445A2E0063F5B3 /* YUTabController.m */ = {isa = PBXFileReference; fileEncoding = 4; lastKnownFileType = sourcecode.c.objc; path = YUTabController.m; sourceTree = "<group>"; };
		9A4A4C3C1B445A2E0063F5B3 /* YUTabItemButton.h */ = {isa = PBXFileReference; fileEncoding = 4; lastKnownFileType = sourcecode.c.h; path = YUTabItemButton.h; sourceTree = "<group>"; };
		9A4A4C3D1B445A2E0063F5B3 /* YUTabItemButton.m */ = {isa = PBXFileReference; fileEncoding = 4; lastKnownFileType = sourcecode.c.objc; path = YUTabItemButton.m; sourceTree = "<group>"; };
		9A4A4C421B445A920063F5B3 /* UIColor+YUColor.h */ = {isa = PBXFileReference; fileEncoding = 4; lastKnownFileType = sourcecode.c.h; path = "UIColor+YUColor.h"; sourceTree = "<group>"; };
		9A4A4C431B445A920063F5B3 /* UIColor+YUColor.m */ = {isa = PBXFileReference; fileEncoding = 4; lastKnownFileType = sourcecode.c.objc; path = "UIColor+YUColor.m"; sourceTree = "<group>"; };
		9A4A4C471B445B210063F5B3 /* YUMineViewController.h */ = {isa = PBXFileReference; fileEncoding = 4; lastKnownFileType = sourcecode.c.h; path = YUMineViewController.h; sourceTree = "<group>"; };
		9A4A4C481B445B210063F5B3 /* YUMineViewController.m */ = {isa = PBXFileReference; fileEncoding = 4; lastKnownFileType = sourcecode.c.objc; path = YUMineViewController.m; sourceTree = "<group>"; };
		9A4A4C491B445B210063F5B3 /* YUMineViewController.xib */ = {isa = PBXFileReference; fileEncoding = 4; lastKnownFileType = file.xib; path = YUMineViewController.xib; sourceTree = "<group>"; };
		9A4A4C4C1B445B330063F5B3 /* YULoveEyesViewController.h */ = {isa = PBXFileReference; fileEncoding = 4; lastKnownFileType = sourcecode.c.h; path = YULoveEyesViewController.h; sourceTree = "<group>"; };
		9A4A4C4D1B445B330063F5B3 /* YULoveEyesViewController.m */ = {isa = PBXFileReference; fileEncoding = 4; lastKnownFileType = sourcecode.c.objc; path = YULoveEyesViewController.m; sourceTree = "<group>"; };
		9A4A4C4E1B445B330063F5B3 /* YULoveEyesViewController.xib */ = {isa = PBXFileReference; fileEncoding = 4; lastKnownFileType = file.xib; path = YULoveEyesViewController.xib; sourceTree = "<group>"; };
		9A4A4C531B44621D0063F5B3 /* YUGreeButton.h */ = {isa = PBXFileReference; fileEncoding = 4; lastKnownFileType = sourcecode.c.h; path = YUGreeButton.h; sourceTree = "<group>"; };
		9A4A4C541B44621D0063F5B3 /* YUGreeButton.m */ = {isa = PBXFileReference; fileEncoding = 4; lastKnownFileType = sourcecode.c.objc; path = YUGreeButton.m; sourceTree = "<group>"; };
		9A58ADE61B2D9500007314AC /* EyesApp.app */ = {isa = PBXFileReference; explicitFileType = wrapper.application; includeInIndex = 0; path = EyesApp.app; sourceTree = BUILT_PRODUCTS_DIR; };
		9A58ADEA1B2D9500007314AC /* Info.plist */ = {isa = PBXFileReference; lastKnownFileType = text.plist.xml; path = Info.plist; sourceTree = "<group>"; };
		9A58ADEB1B2D9500007314AC /* main.m */ = {isa = PBXFileReference; lastKnownFileType = sourcecode.c.objc; path = main.m; sourceTree = "<group>"; };
		9A58ADED1B2D9500007314AC /* AppDelegate.h */ = {isa = PBXFileReference; lastKnownFileType = sourcecode.c.h; path = AppDelegate.h; sourceTree = "<group>"; };
		9A58ADEE1B2D9500007314AC /* AppDelegate.m */ = {isa = PBXFileReference; lastKnownFileType = sourcecode.c.objc; path = AppDelegate.m; sourceTree = "<group>"; };
		9A58ADF61B2D9500007314AC /* Images.xcassets */ = {isa = PBXFileReference; lastKnownFileType = folder.assetcatalog; path = Images.xcassets; sourceTree = "<group>"; };
		9A58ADF91B2D9500007314AC /* Base */ = {isa = PBXFileReference; lastKnownFileType = file.xib; name = Base; path = Base.lproj/LaunchScreen.xib; sourceTree = "<group>"; };
		9A58ADFF1B2D9500007314AC /* EyesAppTests.xctest */ = {isa = PBXFileReference; explicitFileType = wrapper.cfbundle; includeInIndex = 0; path = EyesAppTests.xctest; sourceTree = BUILT_PRODUCTS_DIR; };
		9A58AE041B2D9500007314AC /* Info.plist */ = {isa = PBXFileReference; lastKnownFileType = text.plist.xml; path = Info.plist; sourceTree = "<group>"; };
		9A58AE051B2D9500007314AC /* EyesAppTests.m */ = {isa = PBXFileReference; lastKnownFileType = sourcecode.c.objc; path = EyesAppTests.m; sourceTree = "<group>"; };
		9A9B24F01B385EC000DDB6AA /* YUFatherViewController.h */ = {isa = PBXFileReference; fileEncoding = 4; lastKnownFileType = sourcecode.c.h; path = YUFatherViewController.h; sourceTree = "<group>"; };
		9A9B24F11B385EC000DDB6AA /* YUFatherViewController.m */ = {isa = PBXFileReference; fileEncoding = 4; lastKnownFileType = sourcecode.c.objc; path = YUFatherViewController.m; sourceTree = "<group>"; };
		9A9B24F51B385F9700DDB6AA /* YUHomeViewController.h */ = {isa = PBXFileReference; fileEncoding = 4; lastKnownFileType = sourcecode.c.h; path = YUHomeViewController.h; sourceTree = "<group>"; };
		9A9B24F61B385F9700DDB6AA /* YUHomeViewController.m */ = {isa = PBXFileReference; fileEncoding = 4; lastKnownFileType = sourcecode.c.objc; path = YUHomeViewController.m; sourceTree = "<group>"; };
		9A9B24F71B385F9700DDB6AA /* YUHomeViewController.xib */ = {isa = PBXFileReference; fileEncoding = 4; lastKnownFileType = file.xib; path = YUHomeViewController.xib; sourceTree = "<group>"; };
		9A9B24FB1B38630700DDB6AA /* YUGridView.h */ = {isa = PBXFileReference; fileEncoding = 4; lastKnownFileType = sourcecode.c.h; path = YUGridView.h; sourceTree = "<group>"; };
		9A9B24FC1B38630700DDB6AA /* YUGridView.m */ = {isa = PBXFileReference; fileEncoding = 4; lastKnownFileType = sourcecode.c.objc; path = YUGridView.m; sourceTree = "<group>"; };
		9AB8A6881B69C742006B11AC /* function.h */ = {isa = PBXFileReference; fileEncoding = 4; lastKnownFileType = sourcecode.c.h; path = function.h; sourceTree = "<group>"; };
		9AB8A6891B69C742006B11AC /* function.m */ = {isa = PBXFileReference; fileEncoding = 4; lastKnownFileType = sourcecode.c.objc; path = function.m; sourceTree = "<group>"; };
		9AB8A68B1B69D64B006B11AC /* CONST_CIRCLEBUTTON.h */ = {isa = PBXFileReference; lastKnownFileType = sourcecode.c.h; path = CONST_CIRCLEBUTTON.h; sourceTree = "<group>"; };
		9AB8A68E1B6A2687006B11AC /* UIView+YUAnimation.h */ = {isa = PBXFileReference; fileEncoding = 4; lastKnownFileType = sourcecode.c.h; path = "UIView+YUAnimation.h"; sourceTree = "<group>"; };
		9AB8A68F1B6A2687006B11AC /* UIView+YUAnimation.m */ = {isa = PBXFileReference; fileEncoding = 4; lastKnownFileType = sourcecode.c.objc; path = "UIView+YUAnimation.m"; sourceTree = "<group>"; };
		9AE703B81B390DE70024868B /* CONST_PUBLIE.h */ = {isa = PBXFileReference; lastKnownFileType = sourcecode.c.h; path = CONST_PUBLIE.h; sourceTree = "<group>"; };
		9AE703B91B390E6C0024868B /* UIView+YUStyle.h */ = {isa = PBXFileReference; fileEncoding = 4; lastKnownFileType = sourcecode.c.h; path = "UIView+YUStyle.h"; sourceTree = "<group>"; };
		9AE703BA1B390E6C0024868B /* UIView+YUStyle.m */ = {isa = PBXFileReference; fileEncoding = 4; lastKnownFileType = sourcecode.c.objc; path = "UIView+YUStyle.m"; sourceTree = "<group>"; };
		9AE703BF1B39112D0024868B /* YUNormalView.h */ = {isa = PBXFileReference; fileEncoding = 4; lastKnownFileType = sourcecode.c.h; path = YUNormalView.h; sourceTree = "<group>"; };
		9AE703C01B39112D0024868B /* YUNormalView.m */ = {isa = PBXFileReference; fileEncoding = 4; lastKnownFileType = sourcecode.c.objc; path = YUNormalView.m; sourceTree = "<group>"; };
/* End PBXFileReference section */

/* Begin PBXFrameworksBuildPhase section */
		9A58ADE31B2D9500007314AC /* Frameworks */ = {
			isa = PBXFrameworksBuildPhase;
			buildActionMask = 2147483647;
			files = (
			);
			runOnlyForDeploymentPostprocessing = 0;
		};
		9A58ADFC1B2D9500007314AC /* Frameworks */ = {
			isa = PBXFrameworksBuildPhase;
			buildActionMask = 2147483647;
			files = (
			);
			runOnlyForDeploymentPostprocessing = 0;
		};
/* End PBXFrameworksBuildPhase section */

/* Begin PBXGroup section */
		9A37B0311B6530F2003A213C /* 眼保健操 */ = {
			isa = PBXGroup;
			children = (
				9A37B0321B653245003A213C /* YUEyesActivityViewController.h */,
				9A37B0331B653245003A213C /* YUEyesActivityViewController.m */,
				9A43EA971B68C1750024BD39 /* CONST_EYESActivity.h */,
			);
			name = "眼保健操";
			sourceTree = "<group>";
		};
		9A43EA961B68A9130024BD39 /* 正常的Nav标题栏 */ = {
			isa = PBXGroup;
			children = (
				9A43EA931B68A9110024BD39 /* YUNavNormalView.h */,
				9A43EA941B68A9110024BD39 /* YUNavNormalView.m */,
			);
			name = "正常的Nav标题栏";
			sourceTree = "<group>";
		};
		9A43EA981B68C42A0024BD39 /* CircleButton//圆角按钮 */ = {
			isa = PBXGroup;
			children = (
				9A43EA991B68C44B0024BD39 /* YUCircleButton.h */,
				9A43EA9A1B68C44B0024BD39 /* YUCircleButton.m */,
				9AB8A68B1B69D64B006B11AC /* CONST_CIRCLEBUTTON.h */,
			);
			name = "CircleButton//圆角按钮";
			sourceTree = "<group>";
		};
		9A4A4C2A1B4452A80063F5B3 /* 底部继承 */ = {
			isa = PBXGroup;
			children = (
				9A4A4C2F1B4458990063F5B3 /* YUEyesTabController.h */,
				9A4A4C301B4458990063F5B3 /* YUEyesTabController.m */,
			);
			name = "底部继承";
			sourceTree = "<group>";
		};
		9A4A4C341B445A2E0063F5B3 /* YUTabController */ = {
			isa = PBXGroup;
			children = (
				9A4A4C351B445A2E0063F5B3 /* const_tab.h */,
				9A4A4C361B445A2E0063F5B3 /* YUSubControllerItem.h */,
				9A4A4C371B445A2E0063F5B3 /* YUSubControllerItem.m */,
				9A4A4C381B445A2E0063F5B3 /* YUTabBarView.h */,
				9A4A4C391B445A2E0063F5B3 /* YUTabBarView.m */,
				9A4A4C3A1B445A2E0063F5B3 /* YUTabController.h */,
				9A4A4C3B1B445A2E0063F5B3 /* YUTabController.m */,
				9A4A4C3C1B445A2E0063F5B3 /* YUTabItemButton.h */,
				9A4A4C3D1B445A2E0063F5B3 /* YUTabItemButton.m */,
			);
			path = YUTabController;
			sourceTree = "<group>";
		};
		9A4A4C451B445AF70063F5B3 /* LoveEyesController */ = {
			isa = PBXGroup;
			children = (
				9A4A4C4C1B445B330063F5B3 /* YULoveEyesViewController.h */,
				9A4A4C4D1B445B330063F5B3 /* YULoveEyesViewController.m */,
				9A4A4C4E1B445B330063F5B3 /* YULoveEyesViewController.xib */,
			);
			name = LoveEyesController;
			sourceTree = "<group>";
		};
		9A4A4C461B445B070063F5B3 /* MineController/我的 */ = {
			isa = PBXGroup;
			children = (
				9A4A4C471B445B210063F5B3 /* YUMineViewController.h */,
				9A4A4C481B445B210063F5B3 /* YUMineViewController.m */,
				9A4A4C491B445B210063F5B3 /* YUMineViewController.xib */,
			);
			name = "MineController/我的";
			sourceTree = "<group>";
		};
		9A4A4C511B4461F30063F5B3 /* VIEW */ = {
			isa = PBXGroup;
			children = (
				9A43EA981B68C42A0024BD39 /* CircleButton//圆角按钮 */,
				9A4A4C521B44620B0063F5B3 /* GreeView */,
				9A9B24FA1B3862F300DDB6AA /* GirdView */,
			);
			name = VIEW;
			sourceTree = "<group>";
		};
		9A4A4C521B44620B0063F5B3 /* GreeView */ = {
			isa = PBXGroup;
			children = (
				9A4A4C531B44621D0063F5B3 /* YUGreeButton.h */,
				9A4A4C541B44621D0063F5B3 /* YUGreeButton.m */,
			);
			name = GreeView;
			sourceTree = "<group>";
		};
		9A58ADDD1B2D9500007314AC = {
			isa = PBXGroup;
			children = (
				9A58ADE81B2D9500007314AC /* EyesApp */,
				9A58AE021B2D9500007314AC /* EyesAppTests */,
				9A58ADE71B2D9500007314AC /* Products */,
			);
			sourceTree = "<group>";
		};
		9A58ADE71B2D9500007314AC /* Products */ = {
			isa = PBXGroup;
			children = (
				9A58ADE61B2D9500007314AC /* EyesApp.app */,
				9A58ADFF1B2D9500007314AC /* EyesAppTests.xctest */,
			);
			name = Products;
			sourceTree = "<group>";
		};
		9A58ADE81B2D9500007314AC /* EyesApp */ = {
			isa = PBXGroup;
			children = (
				9A4A4C511B4461F30063F5B3 /* VIEW */,
				9AE703BE1B390E8E0024868B /* Extenion */,
				9AE703BC1B390E730024868B /* Controller */,
				9AE703B71B390DD60024868B /* CONST */,
				9A58ADED1B2D9500007314AC /* AppDelegate.h */,
				9A58ADEE1B2D9500007314AC /* AppDelegate.m */,
				9A58ADF61B2D9500007314AC /* Images.xcassets */,
				9A58ADF81B2D9500007314AC /* LaunchScreen.xib */,
				9A58ADE91B2D9500007314AC /* Supporting Files */,
			);
			path = EyesApp;
			sourceTree = "<group>";
		};
		9A58ADE91B2D9500007314AC /* Supporting Files */ = {
			isa = PBXGroup;
			children = (
				9A58ADEA1B2D9500007314AC /* Info.plist */,
				9A58ADEB1B2D9500007314AC /* main.m */,
			);
			name = "Supporting Files";
			sourceTree = "<group>";
		};
		9A58AE021B2D9500007314AC /* EyesAppTests */ = {
			isa = PBXGroup;
			children = (
				9A58AE051B2D9500007314AC /* EyesAppTests.m */,
				9A58AE031B2D9500007314AC /* Supporting Files */,
			);
			path = EyesAppTests;
			sourceTree = "<group>";
		};
		9A58AE031B2D9500007314AC /* Supporting Files */ = {
			isa = PBXGroup;
			children = (
				9A58AE041B2D9500007314AC /* Info.plist */,
			);
			name = "Supporting Files";
			sourceTree = "<group>";
		};
		9A9B24EE1B385DD100DDB6AA /* ROOT_CLASS */ = {
			isa = PBXGroup;
			children = (
				9A9B24F01B385EC000DDB6AA /* YUFatherViewController.h */,
				9A9B24F11B385EC000DDB6AA /* YUFatherViewController.m */,
			);
			name = ROOT_CLASS;
			sourceTree = "<group>";
		};
		9A9B24EF1B385DE100DDB6AA /* HomePage/首页 */ = {
			isa = PBXGroup;
			children = (
				9A9B24F51B385F9700DDB6AA /* YUHomeViewController.h */,
				9A9B24F61B385F9700DDB6AA /* YUHomeViewController.m */,
				9A9B24F71B385F9700DDB6AA /* YUHomeViewController.xib */,
			);
			name = "HomePage/首页";
			sourceTree = "<group>";
		};
		9A9B24FA1B3862F300DDB6AA /* GirdView */ = {
			isa = PBXGroup;
			children = (
				9A9B24FB1B38630700DDB6AA /* YUGridView.h */,
				9A9B24FC1B38630700DDB6AA /* YUGridView.m */,
				9AE703BF1B39112D0024868B /* YUNormalView.h */,
				9AE703C01B39112D0024868B /* YUNormalView.m */,
				9A4A4C271B44429D0063F5B3 /* YUGirdItem.h */,
				9A4A4C281B44429D0063F5B3 /* YUGirdItem.m */,
			);
			name = GirdView;
			sourceTree = "<group>";
		};
		9AB8A6871B69C6F8006B11AC /* 函数 */ = {
			isa = PBXGroup;
			children = (
				9AB8A6881B69C742006B11AC /* function.h */,
				9AB8A6891B69C742006B11AC /* function.m */,
			);
			name = "函数";
			sourceTree = "<group>";
		};
		9AB8A68C1B6A265B006B11AC /* 原生控件扩展 */ = {
			isa = PBXGroup;
			children = (
				9AB8A68D1B6A266A006B11AC /* 动画 */,
			);
			name = "原生控件扩展";
			sourceTree = "<group>";
		};
		9AB8A68D1B6A266A006B11AC /* 动画 */ = {
			isa = PBXGroup;
			children = (
				9AB8A68E1B6A2687006B11AC /* UIView+YUAnimation.h */,
				9AB8A68F1B6A2687006B11AC /* UIView+YUAnimation.m */,
			);
			name = "动画";
			sourceTree = "<group>";
		};
		9AE703B71B390DD60024868B /* CONST */ = {
			isa = PBXGroup;
			children = (
				9AE703B81B390DE70024868B /* CONST_PUBLIE.h */,
			);
			name = CONST;
			sourceTree = "<group>";
		};
		9AE703BC1B390E730024868B /* Controller */ = {
			isa = PBXGroup;
			children = (
				9A37B0311B6530F2003A213C /* 眼保健操 */,
				9A9B24EF1B385DE100DDB6AA /* HomePage/首页 */,
				9A4A4C461B445B070063F5B3 /* MineController/我的 */,
				9A4A4C451B445AF70063F5B3 /* LoveEyesController */,
				9A4A4C2A1B4452A80063F5B3 /* 底部继承 */,
				9A9B24EE1B385DD100DDB6AA /* ROOT_CLASS */,
			);
			name = Controller;
			sourceTree = "<group>";
		};
		9AE703BE1B390E8E0024868B /* Extenion */ = {
			isa = PBXGroup;
			children = (
				9AB8A68C1B6A265B006B11AC /* 原生控件扩展 */,
				9AB8A6871B69C6F8006B11AC /* 函数 */,
				9A43EA961B68A9130024BD39 /* 正常的Nav标题栏 */,
				9A4A4C341B445A2E0063F5B3 /* YUTabController */,
				9A4A4C421B445A920063F5B3 /* UIColor+YUColor.h */,
				9A4A4C431B445A920063F5B3 /* UIColor+YUColor.m */,
				9AE703B91B390E6C0024868B /* UIView+YUStyle.h */,
				9AE703BA1B390E6C0024868B /* UIView+YUStyle.m */,
			);
			name = Extenion;
			sourceTree = "<group>";
		};
/* End PBXGroup section */

/* Begin PBXNativeTarget section */
		9A58ADE51B2D9500007314AC /* EyesApp */ = {
			isa = PBXNativeTarget;
			buildConfigurationList = 9A58AE091B2D9500007314AC /* Build configuration list for PBXNativeTarget "EyesApp" */;
			buildPhases = (
				9A58ADE21B2D9500007314AC /* Sources */,
				9A58ADE31B2D9500007314AC /* Frameworks */,
				9A58ADE41B2D9500007314AC /* Resources */,
			);
			buildRules = (
			);
			dependencies = (
			);
			name = EyesApp;
			productName = EyesApp;
			productReference = 9A58ADE61B2D9500007314AC /* EyesApp.app */;
			productType = "com.apple.product-type.application";
		};
		9A58ADFE1B2D9500007314AC /* EyesAppTests */ = {
			isa = PBXNativeTarget;
			buildConfigurationList = 9A58AE0C1B2D9500007314AC /* Build configuration list for PBXNativeTarget "EyesAppTests" */;
			buildPhases = (
				9A58ADFB1B2D9500007314AC /* Sources */,
				9A58ADFC1B2D9500007314AC /* Frameworks */,
				9A58ADFD1B2D9500007314AC /* Resources */,
			);
			buildRules = (
			);
			dependencies = (
				9A58AE011B2D9500007314AC /* PBXTargetDependency */,
			);
			name = EyesAppTests;
			productName = EyesAppTests;
			productReference = 9A58ADFF1B2D9500007314AC /* EyesAppTests.xctest */;
			productType = "com.apple.product-type.bundle.unit-test";
		};
/* End PBXNativeTarget section */

/* Begin PBXProject section */
		9A58ADDE1B2D9500007314AC /* Project object */ = {
			isa = PBXProject;
			attributes = {
				LastUpgradeCheck = 0610;
				ORGANIZATIONNAME = "叶夏云";
				TargetAttributes = {
					9A58ADE51B2D9500007314AC = {
						CreatedOnToolsVersion = 6.1;
						DevelopmentTeam = V897KG9XBN;
					};
					9A58ADFE1B2D9500007314AC = {
						CreatedOnToolsVersion = 6.1;
						TestTargetID = 9A58ADE51B2D9500007314AC;
					};
				};
			};
			buildConfigurationList = 9A58ADE11B2D9500007314AC /* Build configuration list for PBXProject "EyesApp" */;
			compatibilityVersion = "Xcode 3.2";
			developmentRegion = English;
			hasScannedForEncodings = 0;
			knownRegions = (
				en,
				Base,
			);
			mainGroup = 9A58ADDD1B2D9500007314AC;
			productRefGroup = 9A58ADE71B2D9500007314AC /* Products */;
			projectDirPath = "";
			projectRoot = "";
			targets = (
				9A58ADE51B2D9500007314AC /* EyesApp */,
				9A58ADFE1B2D9500007314AC /* EyesAppTests */,
			);
		};
/* End PBXProject section */

/* Begin PBXResourcesBuildPhase section */
		9A58ADE41B2D9500007314AC /* Resources */ = {
			isa = PBXResourcesBuildPhase;
			buildActionMask = 2147483647;
			files = (
				9A58ADFA1B2D9500007314AC /* LaunchScreen.xib in Resources */,
				9A58ADF71B2D9500007314AC /* Images.xcassets in Resources */,
				9A4A4C501B445B330063F5B3 /* YULoveEyesViewController.xib in Resources */,
				9A9B24F91B385F9700DDB6AA /* YUHomeViewController.xib in Resources */,
				9A4A4C4B1B445B210063F5B3 /* YUMineViewController.xib in Resources */,
			);
			runOnlyForDeploymentPostprocessing = 0;
		};
		9A58ADFD1B2D9500007314AC /* Resources */ = {
			isa = PBXResourcesBuildPhase;
			buildActionMask = 2147483647;
			files = (
			);
			runOnlyForDeploymentPostprocessing = 0;
		};
/* End PBXResourcesBuildPhase section */

/* Begin PBXSourcesBuildPhase section */
		9A58ADE21B2D9500007314AC /* Sources */ = {
			isa = PBXSourcesBuildPhase;
			buildActionMask = 2147483647;
			files = (
				9A4A4C551B44621D0063F5B3 /* YUGreeButton.m in Sources */,
				9AB8A6901B6A2687006B11AC /* UIView+YUAnimation.m in Sources */,
				9A9B24F31B385EC000DDB6AA /* YUFatherViewController.m in Sources */,
				9A4A4C441B445A920063F5B3 /* UIColor+YUColor.m in Sources */,
				9A43EA9B1B68C44B0024BD39 /* YUCircleButton.m in Sources */,
				9A4A4C4A1B445B210063F5B3 /* YUMineViewController.m in Sources */,
				9A4A4C311B4458990063F5B3 /* YUEyesTabController.m in Sources */,
				9A58ADEF1B2D9500007314AC /* AppDelegate.m in Sources */,
				9A4A4C3F1B445A2E0063F5B3 /* YUTabBarView.m in Sources */,
				9AB8A68A1B69C742006B11AC /* function.m in Sources */,
				9A37B0341B653245003A213C /* YUEyesActivityViewController.m in Sources */,
				9A4A4C291B44429D0063F5B3 /* YUGirdItem.m in Sources */,
				9A4A4C401B445A2E0063F5B3 /* YUTabController.m in Sources */,
				9AE703BB1B390E6C0024868B /* UIView+YUStyle.m in Sources */,
				9A43EA951B68A9110024BD39 /* YUNavNormalView.m in Sources */,
				9A58ADEC1B2D9500007314AC /* main.m in Sources */,
				9A4A4C411B445A2E0063F5B3 /* YUTabItemButton.m in Sources */,
				9A9B24FD1B38630700DDB6AA /* YUGridView.m in Sources */,
				9A4A4C3E1B445A2E0063F5B3 /* YUSubControllerItem.m in Sources */,
				9A9B24F81B385F9700DDB6AA /* YUHomeViewController.m in Sources */,
				9A4A4C4F1B445B330063F5B3 /* YULoveEyesViewController.m in Sources */,
				9AE703C11B39112D0024868B /* YUNormalView.m in Sources */,
			);
			runOnlyForDeploymentPostprocessing = 0;
		};
		9A58ADFB1B2D9500007314AC /* Sources */ = {
			isa = PBXSourcesBuildPhase;
			buildActionMask = 2147483647;
			files = (
				9A58AE061B2D9500007314AC /* EyesAppTests.m in Sources */,
			);
			runOnlyForDeploymentPostprocessing = 0;
		};
/* End PBXSourcesBuildPhase section */

/* Begin PBXTargetDependency section */
		9A58AE011B2D9500007314AC /* PBXTargetDependency */ = {
			isa = PBXTargetDependency;
			target = 9A58ADE51B2D9500007314AC /* EyesApp */;
			targetProxy = 9A58AE001B2D9500007314AC /* PBXContainerItemProxy */;
		};
/* End PBXTargetDependency section */

/* Begin PBXVariantGroup section */
		9A58ADF81B2D9500007314AC /* LaunchScreen.xib */ = {
			isa = PBXVariantGroup;
			children = (
				9A58ADF91B2D9500007314AC /* Base */,
			);
			name = LaunchScreen.xib;
			sourceTree = "<group>";
		};
/* End PBXVariantGroup section */

/* Begin XCBuildConfiguration section */
		9A58AE071B2D9500007314AC /* Debug */ = {
			isa = XCBuildConfiguration;
			buildSettings = {
				ALWAYS_SEARCH_USER_PATHS = NO;
				CLANG_CXX_LANGUAGE_STANDARD = "gnu++0x";
				CLANG_CXX_LIBRARY = "libc++";
				CLANG_ENABLE_MODULES = YES;
				CLANG_ENABLE_OBJC_ARC = YES;
				CLANG_WARN_BOOL_CONVERSION = YES;
				CLANG_WARN_CONSTANT_CONVERSION = YES;
				CLANG_WARN_DIRECT_OBJC_ISA_USAGE = YES_ERROR;
				CLANG_WARN_EMPTY_BODY = YES;
				CLANG_WARN_ENUM_CONVERSION = YES;
				CLANG_WARN_INT_CONVERSION = YES;
				CLANG_WARN_OBJC_ROOT_CLASS = YES_ERROR;
				CLANG_WARN_UNREACHABLE_CODE = YES;
				CLANG_WARN__DUPLICATE_METHOD_MATCH = YES;
				"CODE_SIGN_IDENTITY[sdk=iphoneos*]" = "iPhone Developer";
				COPY_PHASE_STRIP = NO;
				ENABLE_STRICT_OBJC_MSGSEND = YES;
				GCC_C_LANGUAGE_STANDARD = gnu99;
				GCC_DYNAMIC_NO_PIC = NO;
				GCC_OPTIMIZATION_LEVEL = 0;
				GCC_PREPROCESSOR_DEFINITIONS = (
					"DEBUG=1",
					"$(inherited)",
				);
				GCC_SYMBOLS_PRIVATE_EXTERN = NO;
				GCC_WARN_64_TO_32_BIT_CONVERSION = YES;
				GCC_WARN_ABOUT_RETURN_TYPE = YES_ERROR;
				GCC_WARN_UNDECLARED_SELECTOR = YES;
				GCC_WARN_UNINITIALIZED_AUTOS = YES_AGGRESSIVE;
				GCC_WARN_UNUSED_FUNCTION = YES;
				GCC_WARN_UNUSED_VARIABLE = YES;
				IPHONEOS_DEPLOYMENT_TARGET = 8.1;
				MTL_ENABLE_DEBUG_INFO = YES;
				ONLY_ACTIVE_ARCH = YES;
				SDKROOT = iphoneos;
				TARGETED_DEVICE_FAMILY = "1,2";
			};
			name = Debug;
		};
		9A58AE081B2D9500007314AC /* Release */ = {
			isa = XCBuildConfiguration;
			buildSettings = {
				ALWAYS_SEARCH_USER_PATHS = NO;
				CLANG_CXX_LANGUAGE_STANDARD = "gnu++0x";
				CLANG_CXX_LIBRARY = "libc++";
				CLANG_ENABLE_MODULES = YES;
				CLANG_ENABLE_OBJC_ARC = YES;
				CLANG_WARN_BOOL_CONVERSION = YES;
				CLANG_WARN_CONSTANT_CONVERSION = YES;
				CLANG_WARN_DIRECT_OBJC_ISA_USAGE = YES_ERROR;
				CLANG_WARN_EMPTY_BODY = YES;
				CLANG_WARN_ENUM_CONVERSION = YES;
				CLANG_WARN_INT_CONVERSION = YES;
				CLANG_WARN_OBJC_ROOT_CLASS = YES_ERROR;
				CLANG_WARN_UNREACHABLE_CODE = YES;
				CLANG_WARN__DUPLICATE_METHOD_MATCH = YES;
				"CODE_SIGN_IDENTITY[sdk=iphoneos*]" = "iPhone Developer";
				COPY_PHASE_STRIP = YES;
				ENABLE_NS_ASSERTIONS = NO;
				ENABLE_STRICT_OBJC_MSGSEND = YES;
				GCC_C_LANGUAGE_STANDARD = gnu99;
				GCC_WARN_64_TO_32_BIT_CONVERSION = YES;
				GCC_WARN_ABOUT_RETURN_TYPE = YES_ERROR;
				GCC_WARN_UNDECLARED_SELECTOR = YES;
				GCC_WARN_UNINITIALIZED_AUTOS = YES_AGGRESSIVE;
				GCC_WARN_UNUSED_FUNCTION = YES;
				GCC_WARN_UNUSED_VARIABLE = YES;
				IPHONEOS_DEPLOYMENT_TARGET = 8.1;
				MTL_ENABLE_DEBUG_INFO = NO;
				SDKROOT = iphoneos;
				TARGETED_DEVICE_FAMILY = "1,2";
				VALIDATE_PRODUCT = YES;
			};
			name = Release;
		};
		9A58AE0A1B2D9500007314AC /* Debug */ = {
			isa = XCBuildConfiguration;
			buildSettings = {
				ASSETCATALOG_COMPILER_APPICON_NAME = AppIcon;
				CODE_SIGN_IDENTITY = "iPhone Developer";
				INFOPLIST_FILE = EyesApp/Info.plist;
				IPHONEOS_DEPLOYMENT_TARGET = 7.0;
				LD_RUNPATH_SEARCH_PATHS = "$(inherited) @executable_path/Frameworks";
				PRODUCT_NAME = "$(TARGET_NAME)";
				TARGETED_DEVICE_FAMILY = 1;
			};
			name = Debug;
		};
		9A58AE0B1B2D9500007314AC /* Release */ = {
			isa = XCBuildConfiguration;
			buildSettings = {
				ASSETCATALOG_COMPILER_APPICON_NAME = AppIcon;
				CODE_SIGN_IDENTITY = "iPhone Developer";
				INFOPLIST_FILE = EyesApp/Info.plist;
				IPHONEOS_DEPLOYMENT_TARGET = 7.0;
				LD_RUNPATH_SEARCH_PATHS = "$(inherited) @executable_path/Frameworks";
				PRODUCT_NAME = "$(TARGET_NAME)";
				TARGETED_DEVICE_FAMILY = 1;
			};
			name = Release;
		};
		9A58AE0D1B2D9500007314AC /* Debug */ = {
			isa = XCBuildConfiguration;
			buildSettings = {
				BUNDLE_LOADER = "$(TEST_HOST)";
				FRAMEWORK_SEARCH_PATHS = (
					"$(SDKROOT)/Developer/Library/Frameworks",
					"$(inherited)",
				);
				GCC_PREPROCESSOR_DEFINITIONS = (
					"DEBUG=1",
					"$(inherited)",
				);
				INFOPLIST_FILE = EyesAppTests/Info.plist;
				LD_RUNPATH_SEARCH_PATHS = "$(inherited) @executable_path/Frameworks @loader_path/Frameworks";
				PRODUCT_NAME = "$(TARGET_NAME)";
				TEST_HOST = "$(BUILT_PRODUCTS_DIR)/EyesApp.app/EyesApp";
			};
			name = Debug;
		};
		9A58AE0E1B2D9500007314AC /* Release */ = {
			isa = XCBuildConfiguration;
			buildSettings = {
				BUNDLE_LOADER = "$(TEST_HOST)";
				FRAMEWORK_SEARCH_PATHS = (
					"$(SDKROOT)/Developer/Library/Frameworks",
					"$(inherited)",
				);
				INFOPLIST_FILE = EyesAppTests/Info.plist;
				LD_RUNPATH_SEARCH_PATHS = "$(inherited) @executable_path/Frameworks @loader_path/Frameworks";
				PRODUCT_NAME = "$(TARGET_NAME)";
				TEST_HOST = "$(BUILT_PRODUCTS_DIR)/EyesApp.app/EyesApp";
			};
			name = Release;
		};
/* End XCBuildConfiguration section */

/* Begin XCConfigurationList section */
		9A58ADE11B2D9500007314AC /* Build configuration list for PBXProject "EyesApp" */ = {
			isa = XCConfigurationList;
			buildConfigurations = (
				9A58AE071B2D9500007314AC /* Debug */,
				9A58AE081B2D9500007314AC /* Release */,
			);
			defaultConfigurationIsVisible = 0;
			defaultConfigurationName = Release;
		};
		9A58AE091B2D9500007314AC /* Build configuration list for PBXNativeTarget "EyesApp" */ = {
			isa = XCConfigurationList;
			buildConfigurations = (
				9A58AE0A1B2D9500007314AC /* Debug */,
				9A58AE0B1B2D9500007314AC /* Release */,
			);
			defaultConfigurationIsVisible = 0;
			defaultConfigurationName = Release;
		};
		9A58AE0C1B2D9500007314AC /* Build configuration list for PBXNativeTarget "EyesAppTests" */ = {
			isa = XCConfigurationList;
			buildConfigurations = (
				9A58AE0D1B2D9500007314AC /* Debug */,
				9A58AE0E1B2D9500007314AC /* Release */,
			);
			defaultConfigurationIsVisible = 0;
			defaultConfigurationName = Release;
		};
/* End XCConfigurationList section */
	};
	rootObject = 9A58ADDE1B2D9500007314AC /* Project object */;
}
